
Microsoft Visual Studio Solution File, Format Version 12.00
# Visual Studio 15
VisualStudioVersion = 15.0.27130.2027
MinimumVisualStudioVersion = 10.0.40219.1
Project("{FAE04EC0-301F-11D3-BF4B-00C04F79EFBC}") = "BlackMarket.Infrasructure", "BlackMarket.Infrasructure\BlackMarket.Infrasructure.csproj", "{A996A864-FF89-4A8F-8BCC-09E466B4494F}"
EndProject
Global
	GlobalSection(SolutionConfigurationPlatforms) = preSolution
		Debug|Any CPU = Debug|Any CPU
		Release|Any CPU = Release|Any CPU
	EndGlobalSection
	GlobalSection(ProjectConfigurationPlatforms) = postSolution
		{A996A864-FF89-4A8F-8BCC-09E466B4494F}.Debug|Any CPU.ActiveCfg = Debug|Any CPU
		{A996A864-FF89-4A8F-8BCC-09E466B4494F}.Debug|Any CPU.Build.0 = Debug|Any CPU
		{A996A864-FF89-4A8F-8BCC-09E466B4494F}.Release|Any CPU.ActiveCfg = Release|Any CPU
		{A996A864-FF89-4A8F-8BCC-09E466B4494F}.Release|Any CPU.Build.0 = Release|Any CPU
	EndGlobalSection
	GlobalSection(SolutionProperties) = preSolution
		HideSolutionNode = FALSE
	EndGlobalSection
	GlobalSection(ExtensibilityGlobals) = postSolution
		SolutionGuid = {73C4D32E-9AC1-4261-8BA3-DA563CF6B6AA}
	EndGlobalSection
EndGlobal
